{
  "requires": true,
  "lockfileVersion": 1,
  "dependencies": {
    "@fortawesome/fontawesome-common-types": {
      "version": "0.1.7",
      "resolved": "https://registry.npmjs.org/@fortawesome/fontawesome-common-types/-/fontawesome-common-types-0.1.7.tgz",
      "integrity": "sha512-ego8jRVSHfq/iq4KRZJKQeUAdi3ZjGNrqw4oPN3fNdvTBnLCSntwVCnc37bsAJP9UB8MhrTfPnZYxkv2vpS4pg=="
    },
    "@fortawesome/fontawesome-free": {
      "version": "5.14.0",
      "resolved": "https://registry.npmjs.org/@fortawesome/fontawesome-free/-/fontawesome-free-5.14.0.tgz",
      "integrity": "sha512-OfdMsF+ZQgdKHP9jUbmDcRrP0eX90XXrsXIdyjLbkmSBzmMXPABB8eobUJtivaupucYaByz6WNe1PI1JuYm3qA=="
    },
    "@fortawesome/fontawesome-free-brands": {
      "version": "5.0.13",
      "resolved": "https://registry.npmjs.org/@fortawesome/fontawesome-free-brands/-/fontawesome-free-brands-5.0.13.tgz",
      "integrity": "sha512-xC/sEPpfcJPvUbud2GyscLCLQlE2DVBYaTHVwuyVGliYBdYejSEYMINU8FN5A0xhO68yCbpCfMlBv6Gqby+jww==",
      "requires": {
        "@fortawesome/fontawesome-common-types": "^0.1.7"
      }
    },
    "devicon": {
      "version": "2.2.0",
      "resolved": "https://registry.npmjs.org/devicon/-/devicon-2.2.0.tgz",
      "integrity": "sha512-u7l8jBcLiaEm5mWHSDTDBPxoAzB9a4YjHiBDIOAVApL0m+eatz3WXNO1eAr8E5QBYzLJtlyIRFEBVtX7xQMhwA=="
    }
  }
}
